
Microsoft Visual Studio Solution File, Format Version 12.00
# Visual Studio Version 17
VisualStudioVersion = 17.14.36414.22 d17.14
MinimumVisualStudioVersion = 10.0.40219.1
Project("{2150E333-8FDC-42A3-9474-1A3956D46DE8}") = "Task0", "Task0", "{02EA681E-C7D8-13C7-8484-4AC65E1B71E8}"
EndProject
Project("{2150E333-8FDC-42A3-9474-1A3956D46DE8}") = "Task1", "Task1", "{7B082BA9-51A6-4A54-923A-A68F20728539}"
EndProject
Project("{2150E333-8FDC-42A3-9474-1A3956D46DE8}") = "Task2", "Task2", "{AEA824EB-7B90-440A-8BD1-012C88EA8047}"
EndProject
Project("{2150E333-8FDC-42A3-9474-1A3956D46DE8}") = "Task3", "Task3", "{886045B5-20B5-40FD-AA5E-11A860A3EA2E}"
EndProject
Project("{2150E333-8FDC-42A3-9474-1A3956D46DE8}") = "Task4", "Task4", "{074FD9CF-631E-44F3-9FA4-83636D8E268B}"
EndProject
Project("{2150E333-8FDC-42A3-9474-1A3956D46DE8}") = "Task5", "Task5", "{46CA18E2-0BE0-4CE8-A3D2-CF4B3741DA3D}"
EndProject
Project("{2150E333-8FDC-42A3-9474-1A3956D46DE8}") = "Task6", "Task6", "{5545D80F-6C30-4432-AE6E-AD70211DD190}"
EndProject
Project("{2150E333-8FDC-42A3-9474-1A3956D46DE8}") = "Task7", "Task7", "{5BDBB493-9709-4093-87D1-F363DB92CFBC}"
EndProject
Project("{FAE04EC0-301F-11D3-BF4B-00C04F79EFBC}") = "Tyuiu.FisherMA.Sprint6.Task0.V2", "Tyuiu.FisherMA.Sprint6.Task0.V2\Tyuiu.FisherMA.Sprint6.Task0.V2.csproj", "{F4B0A3AD-0B5E-4186-B663-6CB9439FC614}"
EndProject
Project("{FAE04EC0-301F-11D3-BF4B-00C04F79EFBC}") = "Tyuiu.FisherMA.Sprint6.Task0.V2.Test", "Tyuiu.FisherMA.Sprint6.Task0.V2.Test\Tyuiu.FisherMA.Sprint6.Task0.V2.Test.csproj", "{A6060D35-CA96-499A-9A95-0800ACA56F6C}"
EndProject
Project("{FAE04EC0-301F-11D3-BF4B-00C04F79EFBC}") = "Tyuiu.FisherMA.Sprint6.Task0.V2.Lib", "Tyuiu.FisherMA.Sprint6.Task0.V2.Lib\Tyuiu.FisherMA.Sprint6.Task0.V2.Lib.csproj", "{48948F24-7E79-452E-A218-BA68144DAC61}"
EndProject
Project("{FAE04EC0-301F-11D3-BF4B-00C04F79EFBC}") = "Tyuiu.FisherMA.Sprint6.Task1.V4", "Tyuiu.FisherMA.Sprint6.Task1.V4\Tyuiu.FisherMA.Sprint6.Task1.V4.csproj", "{C7673909-0C09-47ED-9A7C-A6A1FD023057}"
EndProject
Project("{FAE04EC0-301F-11D3-BF4B-00C04F79EFBC}") = "Tyuiu.FisherMA.Sprint6.Task1.V4.Lib", "Tyuiu.FisherMA.Sprint6.Task1.V4.Lib\Tyuiu.FisherMA.Sprint6.Task1.V4.Lib.csproj", "{99E2F1F7-D194-483A-97C6-23D76B1A0556}"
EndProject
Project("{FAE04EC0-301F-11D3-BF4B-00C04F79EFBC}") = "Tyuiu.FisherMA.Sprint6.Task1.V4.Test", "Tyuiu.FisherMA.Sprint6.Task1.V4.Test\Tyuiu.FisherMA.Sprint6.Task1.V4.Test.csproj", "{0C333A3F-F781-408C-8014-2AF0C0A2DD03}"
EndProject
Project("{FAE04EC0-301F-11D3-BF4B-00C04F79EFBC}") = "Tyuiu.FisherMA.Sprint6.Task2.V20", "Tyuiu.FisherMA.Sprint6.Task2.V20\Tyuiu.FisherMA.Sprint6.Task2.V20.csproj", "{D69AAE9C-537A-4A68-AA77-39BFD34F5DF9}"
EndProject
Project("{FAE04EC0-301F-11D3-BF4B-00C04F79EFBC}") = "Tyuiu.FisherMA.Sprint6.Task2.V20.Test", "Tyuiu.FisherMA.Sprint6.Task2.V20.Test\Tyuiu.FisherMA.Sprint6.Task2.V20.Test.csproj", "{64C45BE6-96C0-4FC7-8BB7-FD5430428870}"
EndProject
Project("{FAE04EC0-301F-11D3-BF4B-00C04F79EFBC}") = "Tyuiu.FisherMA.Sprint6.Task2.V20.Lib", "Tyuiu.FisherMA.Sprint6.Task2.V20.Lib\Tyuiu.FisherMA.Sprint6.Task2.V20.Lib.csproj", "{F6085FA8-1FC5-46C1-946F-F1065D77BE97}"
EndProject
Project("{FAE04EC0-301F-11D3-BF4B-00C04F79EFBC}") = "Tyuiu.FisherMA.Sprint6.Task3.V10", "Tyuiu.FisherMA.Sprint6.Task3.V10\Tyuiu.FisherMA.Sprint6.Task3.V10.csproj", "{DBD3CD40-13FC-4866-856A-DF109E795998}"
EndProject
Project("{FAE04EC0-301F-11D3-BF4B-00C04F79EFBC}") = "Tyuiu.FisherMA.Sprint6.Task3.V10.Lib", "Tyuiu.FisherMA.Sprint6.Task3.V10.Lib\Tyuiu.FisherMA.Sprint6.Task3.V10.Lib.csproj", "{248C7733-FFA6-4822-A4C8-67B0F20C9B6D}"
EndProject
Project("{FAE04EC0-301F-11D3-BF4B-00C04F79EFBC}") = "Tyuiu.FisherMA.Sprint6.Task3.V10.Test", "Tyuiu.FisherMA.Sprint6.Task3.V10.Test\Tyuiu.FisherMA.Sprint6.Task3.V10.Test.csproj", "{A21039DF-32CD-44F7-BBCF-7F01D9CA3196}"
EndProject
Project("{FAE04EC0-301F-11D3-BF4B-00C04F79EFBC}") = "Tyuiu.FisherMA.Sprint6.Task4.V26", "Tyuiu.FisherMA.Sprint6.Task4.V26\Tyuiu.FisherMA.Sprint6.Task4.V26.csproj", "{347AEFF6-8222-4F99-A82E-9F6B2A4E5A93}"
EndProject
Project("{FAE04EC0-301F-11D3-BF4B-00C04F79EFBC}") = "Tyuiu.FisherMA.Sprint6.Task4.V26.Test", "Tyuiu.FisherMA.Sprint6.Task4.V26.Test\Tyuiu.FisherMA.Sprint6.Task4.V26.Test.csproj", "{294174A4-9024-45A0-9B4D-92AC4D2982F0}"
EndProject
Project("{FAE04EC0-301F-11D3-BF4B-00C04F79EFBC}") = "Tyuiu.FisherMA.Sprint6.Task4.V26.Lib", "Tyuiu.FisherMA.Sprint6.Task4.V26.Lib\Tyuiu.FisherMA.Sprint6.Task4.V26.Lib.csproj", "{D286E3A6-EC1B-4656-92FD-846BC4328716}"
EndProject
Project("{FAE04EC0-301F-11D3-BF4B-00C04F79EFBC}") = "Tyuiu.FisherMA.Sprint6.Task5.V10", "Tyuiu.FisherMA.Sprint6.Task5.V10\Tyuiu.FisherMA.Sprint6.Task5.V10.csproj", "{25908A3B-4AFD-4D8F-8288-7506A57BDCE0}"
EndProject
Project("{FAE04EC0-301F-11D3-BF4B-00C04F79EFBC}") = "Tyuiu.FisherMA.Sprint6.Task5.V10.Lib", "Tyuiu.FisherMA.Sprint6.Task5.V10.Lib\Tyuiu.FisherMA.Sprint6.Task5.V10.Lib.csproj", "{45A74D20-C6D9-48B7-A8A8-42AAE47F1F9D}"
EndProject
Project("{FAE04EC0-301F-11D3-BF4B-00C04F79EFBC}") = "Tyuiu.FisherMA.Sprint6.Task5.V10.Test", "Tyuiu.FisherMA.Sprint6.Task5.V10.Test\Tyuiu.FisherMA.Sprint6.Task5.V10.Test.csproj", "{5203C471-6508-48AB-B0C3-A4661B538E57}"
EndProject
Project("{FAE04EC0-301F-11D3-BF4B-00C04F79EFBC}") = "Tyuiu.FisherMA.Sprint6.Task6.V9", "Tyuiu.FisherMA.Sprint6.Task6.V9\Tyuiu.FisherMA.Sprint6.Task6.V9.csproj", "{70577003-9871-46B1-A73B-1D34F57ED74A}"
EndProject
Project("{FAE04EC0-301F-11D3-BF4B-00C04F79EFBC}") = "Tyuiu.FisherMA.Sprint6.Task6.V9.Test", "Tyuiu.FisherMA.Sprint6.Task6.V9.Test\Tyuiu.FisherMA.Sprint6.Task6.V9.Test.csproj", "{7F510E52-A724-4359-9529-6BAB84C3310E}"
EndProject
Project("{FAE04EC0-301F-11D3-BF4B-00C04F79EFBC}") = "Tyuiu.FisherMA.Sprint6.Task6.V9.Lib", "Tyuiu.FisherMA.Sprint6.Task6.V9.Lib\Tyuiu.FisherMA.Sprint6.Task6.V9.Lib.csproj", "{50D95BEF-3EC6-489B-BAD0-C1BEAA74D517}"
EndProject
Project("{FAE04EC0-301F-11D3-BF4B-00C04F79EFBC}") = "Tyuiu.FisherMA.Sprint6.Task7.V4", "Tyuiu.FisherMA.Sprint6.Task7.V4\Tyuiu.FisherMA.Sprint6.Task7.V4.csproj", "{9B13D336-9EFB-4E06-AB3E-76A6FBA442BB}"
EndProject
Project("{FAE04EC0-301F-11D3-BF4B-00C04F79EFBC}") = "Tyuiu.FisherMA.Sprint6.Task7.V4.Lib", "Tyuiu.FisherMA.Sprint6.Task7.V4.Lib\Tyuiu.FisherMA.Sprint6.Task7.V4.Lib.csproj", "{268AF7F3-7A9C-4DD7-874E-7858C9C35EC5}"
EndProject
Project("{FAE04EC0-301F-11D3-BF4B-00C04F79EFBC}") = "Tyuiu.FisherMA.Sprint6.Task7.V4.Test", "Tyuiu.FisherMA.Sprint6.Task7.V4.Test\Tyuiu.FisherMA.Sprint6.Task7.V4.Test.csproj", "{7BCBFCEA-DDA5-414A-AD01-D51402413DD0}"
EndProject
Global
	GlobalSection(SolutionConfigurationPlatforms) = preSolution
		Debug|Any CPU = Debug|Any CPU
		Release|Any CPU = Release|Any CPU
	EndGlobalSection
	GlobalSection(ProjectConfigurationPlatforms) = postSolution
		{F4B0A3AD-0B5E-4186-B663-6CB9439FC614}.Debug|Any CPU.ActiveCfg = Debug|Any CPU
		{F4B0A3AD-0B5E-4186-B663-6CB9439FC614}.Debug|Any CPU.Build.0 = Debug|Any CPU
		{F4B0A3AD-0B5E-4186-B663-6CB9439FC614}.Release|Any CPU.ActiveCfg = Release|Any CPU
		{F4B0A3AD-0B5E-4186-B663-6CB9439FC614}.Release|Any CPU.Build.0 = Release|Any CPU
		{A6060D35-CA96-499A-9A95-0800ACA56F6C}.Debug|Any CPU.ActiveCfg = Debug|Any CPU
		{A6060D35-CA96-499A-9A95-0800ACA56F6C}.Debug|Any CPU.Build.0 = Debug|Any CPU
		{A6060D35-CA96-499A-9A95-0800ACA56F6C}.Release|Any CPU.ActiveCfg = Release|Any CPU
		{A6060D35-CA96-499A-9A95-0800ACA56F6C}.Release|Any CPU.Build.0 = Release|Any CPU
		{48948F24-7E79-452E-A218-BA68144DAC61}.Debug|Any CPU.ActiveCfg = Debug|Any CPU
		{48948F24-7E79-452E-A218-BA68144DAC61}.Debug|Any CPU.Build.0 = Debug|Any CPU
		{48948F24-7E79-452E-A218-BA68144DAC61}.Release|Any CPU.ActiveCfg = Release|Any CPU
		{48948F24-7E79-452E-A218-BA68144DAC61}.Release|Any CPU.Build.0 = Release|Any CPU
		{C7673909-0C09-47ED-9A7C-A6A1FD023057}.Debug|Any CPU.ActiveCfg = Debug|Any CPU
		{C7673909-0C09-47ED-9A7C-A6A1FD023057}.Debug|Any CPU.Build.0 = Debug|Any CPU
		{C7673909-0C09-47ED-9A7C-A6A1FD023057}.Release|Any CPU.ActiveCfg = Release|Any CPU
		{C7673909-0C09-47ED-9A7C-A6A1FD023057}.Release|Any CPU.Build.0 = Release|Any CPU
		{99E2F1F7-D194-483A-97C6-23D76B1A0556}.Debug|Any CPU.ActiveCfg = Debug|Any CPU
		{99E2F1F7-D194-483A-97C6-23D76B1A0556}.Debug|Any CPU.Build.0 = Debug|Any CPU
		{99E2F1F7-D194-483A-97C6-23D76B1A0556}.Release|Any CPU.ActiveCfg = Release|Any CPU
		{99E2F1F7-D194-483A-97C6-23D76B1A0556}.Release|Any CPU.Build.0 = Release|Any CPU
		{0C333A3F-F781-408C-8014-2AF0C0A2DD03}.Debug|Any CPU.ActiveCfg = Debug|Any CPU
		{0C333A3F-F781-408C-8014-2AF0C0A2DD03}.Debug|Any CPU.Build.0 = Debug|Any CPU
		{0C333A3F-F781-408C-8014-2AF0C0A2DD03}.Release|Any CPU.ActiveCfg = Release|Any CPU
		{0C333A3F-F781-408C-8014-2AF0C0A2DD03}.Release|Any CPU.Build.0 = Release|Any CPU
		{D69AAE9C-537A-4A68-AA77-39BFD34F5DF9}.Debug|Any CPU.ActiveCfg = Debug|Any CPU
		{D69AAE9C-537A-4A68-AA77-39BFD34F5DF9}.Debug|Any CPU.Build.0 = Debug|Any CPU
		{D69AAE9C-537A-4A68-AA77-39BFD34F5DF9}.Release|Any CPU.ActiveCfg = Release|Any CPU
		{D69AAE9C-537A-4A68-AA77-39BFD34F5DF9}.Release|Any CPU.Build.0 = Release|Any CPU
		{64C45BE6-96C0-4FC7-8BB7-FD5430428870}.Debug|Any CPU.ActiveCfg = Debug|Any CPU
		{64C45BE6-96C0-4FC7-8BB7-FD5430428870}.Debug|Any CPU.Build.0 = Debug|Any CPU
		{64C45BE6-96C0-4FC7-8BB7-FD5430428870}.Release|Any CPU.ActiveCfg = Release|Any CPU
		{64C45BE6-96C0-4FC7-8BB7-FD5430428870}.Release|Any CPU.Build.0 = Release|Any CPU
		{F6085FA8-1FC5-46C1-946F-F1065D77BE97}.Debug|Any CPU.ActiveCfg = Debug|Any CPU
		{F6085FA8-1FC5-46C1-946F-F1065D77BE97}.Debug|Any CPU.Build.0 = Debug|Any CPU
		{F6085FA8-1FC5-46C1-946F-F1065D77BE97}.Release|Any CPU.ActiveCfg = Release|Any CPU
		{F6085FA8-1FC5-46C1-946F-F1065D77BE97}.Release|Any CPU.Build.0 = Release|Any CPU
		{DBD3CD40-13FC-4866-856A-DF109E795998}.Debug|Any CPU.ActiveCfg = Debug|Any CPU
		{DBD3CD40-13FC-4866-856A-DF109E795998}.Debug|Any CPU.Build.0 = Debug|Any CPU
		{DBD3CD40-13FC-4866-856A-DF109E795998}.Release|Any CPU.ActiveCfg = Release|Any CPU
		{DBD3CD40-13FC-4866-856A-DF109E795998}.Release|Any CPU.Build.0 = Release|Any CPU
		{248C7733-FFA6-4822-A4C8-67B0F20C9B6D}.Debug|Any CPU.ActiveCfg = Debug|Any CPU
		{248C7733-FFA6-4822-A4C8-67B0F20C9B6D}.Debug|Any CPU.Build.0 = Debug|Any CPU
		{248C7733-FFA6-4822-A4C8-67B0F20C9B6D}.Release|Any CPU.ActiveCfg = Release|Any CPU
		{248C7733-FFA6-4822-A4C8-67B0F20C9B6D}.Release|Any CPU.Build.0 = Release|Any CPU
		{A21039DF-32CD-44F7-BBCF-7F01D9CA3196}.Debug|Any CPU.ActiveCfg = Debug|Any CPU
		{A21039DF-32CD-44F7-BBCF-7F01D9CA3196}.Debug|Any CPU.Build.0 = Debug|Any CPU
		{A21039DF-32CD-44F7-BBCF-7F01D9CA3196}.Release|Any CPU.ActiveCfg = Release|Any CPU
		{A21039DF-32CD-44F7-BBCF-7F01D9CA3196}.Release|Any CPU.Build.0 = Release|Any CPU
		{347AEFF6-8222-4F99-A82E-9F6B2A4E5A93}.Debug|Any CPU.ActiveCfg = Debug|Any CPU
		{347AEFF6-8222-4F99-A82E-9F6B2A4E5A93}.Debug|Any CPU.Build.0 = Debug|Any CPU
		{347AEFF6-8222-4F99-A82E-9F6B2A4E5A93}.Release|Any CPU.ActiveCfg = Release|Any CPU
		{347AEFF6-8222-4F99-A82E-9F6B2A4E5A93}.Release|Any CPU.Build.0 = Release|Any CPU
		{294174A4-9024-45A0-9B4D-92AC4D2982F0}.Debug|Any CPU.ActiveCfg = Debug|Any CPU
		{294174A4-9024-45A0-9B4D-92AC4D2982F0}.Debug|Any CPU.Build.0 = Debug|Any CPU
		{294174A4-9024-45A0-9B4D-92AC4D2982F0}.Release|Any CPU.ActiveCfg = Release|Any CPU
		{294174A4-9024-45A0-9B4D-92AC4D2982F0}.Release|Any CPU.Build.0 = Release|Any CPU
		{D286E3A6-EC1B-4656-92FD-846BC4328716}.Debug|Any CPU.ActiveCfg = Debug|Any CPU
		{D286E3A6-EC1B-4656-92FD-846BC4328716}.Debug|Any CPU.Build.0 = Debug|Any CPU
		{D286E3A6-EC1B-4656-92FD-846BC4328716}.Release|Any CPU.ActiveCfg = Release|Any CPU
		{D286E3A6-EC1B-4656-92FD-846BC4328716}.Release|Any CPU.Build.0 = Release|Any CPU
		{25908A3B-4AFD-4D8F-8288-7506A57BDCE0}.Debug|Any CPU.ActiveCfg = Debug|Any CPU
		{25908A3B-4AFD-4D8F-8288-7506A57BDCE0}.Debug|Any CPU.Build.0 = Debug|Any CPU
		{25908A3B-4AFD-4D8F-8288-7506A57BDCE0}.Release|Any CPU.ActiveCfg = Release|Any CPU
		{25908A3B-4AFD-4D8F-8288-7506A57BDCE0}.Release|Any CPU.Build.0 = Release|Any CPU
		{45A74D20-C6D9-48B7-A8A8-42AAE47F1F9D}.Debug|Any CPU.ActiveCfg = Debug|Any CPU
		{45A74D20-C6D9-48B7-A8A8-42AAE47F1F9D}.Debug|Any CPU.Build.0 = Debug|Any CPU
		{45A74D20-C6D9-48B7-A8A8-42AAE47F1F9D}.Release|Any CPU.ActiveCfg = Release|Any CPU
		{45A74D20-C6D9-48B7-A8A8-42AAE47F1F9D}.Release|Any CPU.Build.0 = Release|Any CPU
		{5203C471-6508-48AB-B0C3-A4661B538E57}.Debug|Any CPU.ActiveCfg = Debug|Any CPU
		{5203C471-6508-48AB-B0C3-A4661B538E57}.Debug|Any CPU.Build.0 = Debug|Any CPU
		{5203C471-6508-48AB-B0C3-A4661B538E57}.Release|Any CPU.ActiveCfg = Release|Any CPU
		{5203C471-6508-48AB-B0C3-A4661B538E57}.Release|Any CPU.Build.0 = Release|Any CPU
		{70577003-9871-46B1-A73B-1D34F57ED74A}.Debug|Any CPU.ActiveCfg = Debug|Any CPU
		{70577003-9871-46B1-A73B-1D34F57ED74A}.Debug|Any CPU.Build.0 = Debug|Any CPU
		{70577003-9871-46B1-A73B-1D34F57ED74A}.Release|Any CPU.ActiveCfg = Release|Any CPU
		{70577003-9871-46B1-A73B-1D34F57ED74A}.Release|Any CPU.Build.0 = Release|Any CPU
		{7F510E52-A724-4359-9529-6BAB84C3310E}.Debug|Any CPU.ActiveCfg = Debug|Any CPU
		{7F510E52-A724-4359-9529-6BAB84C3310E}.Debug|Any CPU.Build.0 = Debug|Any CPU
		{7F510E52-A724-4359-9529-6BAB84C3310E}.Release|Any CPU.ActiveCfg = Release|Any CPU
		{7F510E52-A724-4359-9529-6BAB84C3310E}.Release|Any CPU.Build.0 = Release|Any CPU
		{50D95BEF-3EC6-489B-BAD0-C1BEAA74D517}.Debug|Any CPU.ActiveCfg = Debug|Any CPU
		{50D95BEF-3EC6-489B-BAD0-C1BEAA74D517}.Debug|Any CPU.Build.0 = Debug|Any CPU
		{50D95BEF-3EC6-489B-BAD0-C1BEAA74D517}.Release|Any CPU.ActiveCfg = Release|Any CPU
		{50D95BEF-3EC6-489B-BAD0-C1BEAA74D517}.Release|Any CPU.Build.0 = Release|Any CPU
		{9B13D336-9EFB-4E06-AB3E-76A6FBA442BB}.Debug|Any CPU.ActiveCfg = Debug|Any CPU
		{9B13D336-9EFB-4E06-AB3E-76A6FBA442BB}.Debug|Any CPU.Build.0 = Debug|Any CPU
		{9B13D336-9EFB-4E06-AB3E-76A6FBA442BB}.Release|Any CPU.ActiveCfg = Release|Any CPU
		{9B13D336-9EFB-4E06-AB3E-76A6FBA442BB}.Release|Any CPU.Build.0 = Release|Any CPU
		{268AF7F3-7A9C-4DD7-874E-7858C9C35EC5}.Debug|Any CPU.ActiveCfg = Debug|Any CPU
		{268AF7F3-7A9C-4DD7-874E-7858C9C35EC5}.Debug|Any CPU.Build.0 = Debug|Any CPU
		{268AF7F3-7A9C-4DD7-874E-7858C9C35EC5}.Release|Any CPU.ActiveCfg = Release|Any CPU
		{268AF7F3-7A9C-4DD7-874E-7858C9C35EC5}.Release|Any CPU.Build.0 = Release|Any CPU
		{7BCBFCEA-DDA5-414A-AD01-D51402413DD0}.Debug|Any CPU.ActiveCfg = Debug|Any CPU
		{7BCBFCEA-DDA5-414A-AD01-D51402413DD0}.Debug|Any CPU.Build.0 = Debug|Any CPU
		{7BCBFCEA-DDA5-414A-AD01-D51402413DD0}.Release|Any CPU.ActiveCfg = Release|Any CPU
		{7BCBFCEA-DDA5-414A-AD01-D51402413DD0}.Release|Any CPU.Build.0 = Release|Any CPU
	EndGlobalSection
	GlobalSection(SolutionProperties) = preSolution
		HideSolutionNode = FALSE
	EndGlobalSection
	GlobalSection(NestedProjects) = preSolution
		{F4B0A3AD-0B5E-4186-B663-6CB9439FC614} = {02EA681E-C7D8-13C7-8484-4AC65E1B71E8}
		{A6060D35-CA96-499A-9A95-0800ACA56F6C} = {02EA681E-C7D8-13C7-8484-4AC65E1B71E8}
		{48948F24-7E79-452E-A218-BA68144DAC61} = {02EA681E-C7D8-13C7-8484-4AC65E1B71E8}
		{C7673909-0C09-47ED-9A7C-A6A1FD023057} = {7B082BA9-51A6-4A54-923A-A68F20728539}
		{99E2F1F7-D194-483A-97C6-23D76B1A0556} = {7B082BA9-51A6-4A54-923A-A68F20728539}
		{0C333A3F-F781-408C-8014-2AF0C0A2DD03} = {7B082BA9-51A6-4A54-923A-A68F20728539}
		{D69AAE9C-537A-4A68-AA77-39BFD34F5DF9} = {AEA824EB-7B90-440A-8BD1-012C88EA8047}
		{64C45BE6-96C0-4FC7-8BB7-FD5430428870} = {AEA824EB-7B90-440A-8BD1-012C88EA8047}
		{F6085FA8-1FC5-46C1-946F-F1065D77BE97} = {AEA824EB-7B90-440A-8BD1-012C88EA8047}
		{DBD3CD40-13FC-4866-856A-DF109E795998} = {886045B5-20B5-40FD-AA5E-11A860A3EA2E}
		{248C7733-FFA6-4822-A4C8-67B0F20C9B6D} = {886045B5-20B5-40FD-AA5E-11A860A3EA2E}
		{A21039DF-32CD-44F7-BBCF-7F01D9CA3196} = {886045B5-20B5-40FD-AA5E-11A860A3EA2E}
		{347AEFF6-8222-4F99-A82E-9F6B2A4E5A93} = {074FD9CF-631E-44F3-9FA4-83636D8E268B}
		{294174A4-9024-45A0-9B4D-92AC4D2982F0} = {074FD9CF-631E-44F3-9FA4-83636D8E268B}
		{D286E3A6-EC1B-4656-92FD-846BC4328716} = {074FD9CF-631E-44F3-9FA4-83636D8E268B}
		{25908A3B-4AFD-4D8F-8288-7506A57BDCE0} = {46CA18E2-0BE0-4CE8-A3D2-CF4B3741DA3D}
		{45A74D20-C6D9-48B7-A8A8-42AAE47F1F9D} = {46CA18E2-0BE0-4CE8-A3D2-CF4B3741DA3D}
		{5203C471-6508-48AB-B0C3-A4661B538E57} = {46CA18E2-0BE0-4CE8-A3D2-CF4B3741DA3D}
		{70577003-9871-46B1-A73B-1D34F57ED74A} = {5545D80F-6C30-4432-AE6E-AD70211DD190}
		{7F510E52-A724-4359-9529-6BAB84C3310E} = {5545D80F-6C30-4432-AE6E-AD70211DD190}
		{50D95BEF-3EC6-489B-BAD0-C1BEAA74D517} = {5545D80F-6C30-4432-AE6E-AD70211DD190}
		{9B13D336-9EFB-4E06-AB3E-76A6FBA442BB} = {5BDBB493-9709-4093-87D1-F363DB92CFBC}
		{268AF7F3-7A9C-4DD7-874E-7858C9C35EC5} = {5BDBB493-9709-4093-87D1-F363DB92CFBC}
		{7BCBFCEA-DDA5-414A-AD01-D51402413DD0} = {5BDBB493-9709-4093-87D1-F363DB92CFBC}
	EndGlobalSection
	GlobalSection(ExtensibilityGlobals) = postSolution
		SolutionGuid = {AF54CA0D-D404-4DDC-B7A0-C3BE69AED29D}
	EndGlobalSection
EndGlobal
